
Microsoft Visual Studio Solution File, Format Version 12.00
# Visual Studio Version 16
VisualStudioVersion = 16.0.29920.165
MinimumVisualStudioVersion = 10.0.40219.1
Project("{FAE04EC0-301F-11D3-BF4B-00C04F79EFBC}") = "UdpListener", "UdpListener\UdpListener.csproj", "{A7F76DFB-DCBD-4C1F-8BB0-61CAF3826A36}"
EndProject
Global
	GlobalSection(SolutionConfigurationPlatforms) = preSolution
		Debug|Any CPU = Debug|Any CPU
		Release|Any CPU = Release|Any CPU
	EndGlobalSection
	GlobalSection(ProjectConfigurationPlatforms) = postSolution
		{A7F76DFB-DCBD-4C1F-8BB0-61CAF3826A36}.Debug|Any CPU.ActiveCfg = Debug|Any CPU
		{A7F76DFB-DCBD-4C1F-8BB0-61CAF3826A36}.Debug|Any CPU.Build.0 = Debug|Any CPU
		{A7F76DFB-DCBD-4C1F-8BB0-61CAF3826A36}.Release|Any CPU.ActiveCfg = Release|Any CPU
		{A7F76DFB-DCBD-4C1F-8BB0-61CAF3826A36}.Release|Any CPU.Build.0 = Release|Any CPU
	EndGlobalSection
	GlobalSection(SolutionProperties) = preSolution
		HideSolutionNode = FALSE
	EndGlobalSection
	GlobalSection(ExtensibilityGlobals) = postSolution
		SolutionGuid = {C84081A3-98DF-4847-BE47-E3CD2C220666}
	EndGlobalSection
EndGlobal
